
Microsoft Visual Studio Solution File, Format Version 12.00
# Visual Studio 15
VisualStudioVersion = 15.0.28307.1433
MinimumVisualStudioVersion = 10.0.40219.1
Project("{FAE04EC0-301F-11D3-BF4B-00C04F79EFBC}") = "Static_NonStatic", "Static_NonStatic\Static_NonStatic.csproj", "{94BC01BF-7910-44CC-9C2B-414DA74E84BF}"
EndProject
Global
	GlobalSection(SolutionConfigurationPlatforms) = preSolution
		Debug|Any CPU = Debug|Any CPU
		Release|Any CPU = Release|Any CPU
	EndGlobalSection
	GlobalSection(ProjectConfigurationPlatforms) = postSolution
		{94BC01BF-7910-44CC-9C2B-414DA74E84BF}.Debug|Any CPU.ActiveCfg = Debug|Any CPU
		{94BC01BF-7910-44CC-9C2B-414DA74E84BF}.Debug|Any CPU.Build.0 = Debug|Any CPU
		{94BC01BF-7910-44CC-9C2B-414DA74E84BF}.Release|Any CPU.ActiveCfg = Release|Any CPU
		{94BC01BF-7910-44CC-9C2B-414DA74E84BF}.Release|Any CPU.Build.0 = Release|Any CPU
	EndGlobalSection
	GlobalSection(SolutionProperties) = preSolution
		HideSolutionNode = FALSE
	EndGlobalSection
	GlobalSection(ExtensibilityGlobals) = postSolution
		SolutionGuid = {B8513A96-C288-41A5-B775-24B66B7785A6}
	EndGlobalSection
EndGlobal
